FREETOKEN_REPOSITORY=https://github.com/Enigmatic331/FreeToken.git
FREETOKEN_BRANCH=qwen38-ep2
FREETOKEN_REVISION=58dd7c20b5cc3960642cee73d404d1273d4ed4b7
FREETOKEN_UPSTREAM_BASE=4b94bdc38a46a4dfe534e8793126160d56904c44
MODEL_REPOSITORY=Qwen/Qwen3.8-Flash-Next-FP8
MODEL_REVISION=236dfdf285828023ca3bcd3f37366c58a3469b13
MODEL_SHARDS=131
